
Microsoft Visual Studio Solution File, Format Version 12.00
# Visual Studio 15
VisualStudioVersion = 15.0.34031.82
MinimumVisualStudioVersion = 10.0.40219.1
Project("{FAE04EC0-301F-11D3-BF4B-00C04F79EFBC}") = "DaSH_Researcher_Portal", "DaSH_Researcher_Portal.csproj", "{F9ED874E-6878-4859-A05D-29034AA8776E}"
EndProject
Global
	GlobalSection(SolutionConfigurationPlatforms) = preSolution
		Debug|Any CPU = Debug|Any CPU
		Release|Any CPU = Release|Any CPU
	EndGlobalSection
	GlobalSection(ProjectConfigurationPlatforms) = postSolution
		{F9ED874E-6878-4859-A05D-29034AA8776E}.Debug|Any CPU.ActiveCfg = Debug|Any CPU
		{F9ED874E-6878-4859-A05D-29034AA8776E}.Debug|Any CPU.Build.0 = Debug|Any CPU
		{F9ED874E-6878-4859-A05D-29034AA8776E}.Release|Any CPU.ActiveCfg = Release|Any CPU
		{F9ED874E-6878-4859-A05D-29034AA8776E}.Release|Any CPU.Build.0 = Release|Any CPU
	EndGlobalSection
	GlobalSection(SolutionProperties) = preSolution
		HideSolutionNode = FALSE
	EndGlobalSection
	GlobalSection(ExtensibilityGlobals) = postSolution
		SolutionGuid = {10BB6E2D-5A86-47DB-9DDA-6679050143D8}
	EndGlobalSection
	GlobalSection(SourceCodeControl) = preSolution
		SccNumberOfProjects = 2
		SccLocalPath0 = .
		SccProjectUniqueName1 = DaSH_Researcher_Portal.csproj
		SccLocalPath1 = .
	EndGlobalSection
EndGlobal
